
Microsoft Visual Studio Solution File, Format Version 12.00
# Visual Studio Version 16
VisualStudioVersion = 16.0.29215.179
MinimumVisualStudioVersion = 10.0.40219.1
Project("{FAE04EC0-301F-11D3-BF4B-00C04F79EFBC}") = "Task1_4", "Task1_4\Task1_4.csproj", "{28C07619-8587-4722-A48C-9AC019EB6AF7}"
EndProject
Project("{FAE04EC0-301F-11D3-BF4B-00C04F79EFBC}") = "Task1_5", "Task1_5\Task1_5.csproj", "{CBA31A24-02E6-468F-B36D-6098AE4023E4}"
EndProject
Project("{FAE04EC0-301F-11D3-BF4B-00C04F79EFBC}") = "Task1_6", "Task1_6\Task1_6.csproj", "{AFEE7935-1703-4E60-A09E-F03A8DD3820E}"
EndProject
Project("{FAE04EC0-301F-11D3-BF4B-00C04F79EFBC}") = "Task1_2", "Task1_2\Task1_2.csproj", "{211EBDA5-7D59-49DB-9B67-40CA7A8393AA}"
EndProject
Project("{FAE04EC0-301F-11D3-BF4B-00C04F79EFBC}") = "Task1_3", "Task1_3\Task1_3.csproj", "{EDE2CF3F-F912-458A-BB3E-7FD68A72D771}"
EndProject
Project("{FAE04EC0-301F-11D3-BF4B-00C04F79EFBC}") = "Task1_1", "Task1_1\Task1_1.csproj", "{E710B188-B8CB-4BC6-8B45-987C8804F7F7}"
EndProject
Project("{FAE04EC0-301F-11D3-BF4B-00C04F79EFBC}") = "Task1_7", "Task1_7\Task1_7.csproj", "{B81F993F-5C5F-42F2-B8D6-FB4C7B17001A}"
EndProject
Project("{FAE04EC0-301F-11D3-BF4B-00C04F79EFBC}") = "Task1_8", "Task1_8\Task1_8.csproj", "{1F668B26-46B4-4BDA-9AD2-F317888E3A5C}"
EndProject
Project("{FAE04EC0-301F-11D3-BF4B-00C04F79EFBC}") = "Task1_9", "Task1_9\Task1_9.csproj", "{F5AC5EA8-D732-4147-8380-DC542F546596}"
EndProject
Project("{FAE04EC0-301F-11D3-BF4B-00C04F79EFBC}") = "Task1_10", "Task1_10\Task1_10.csproj", "{9EC1BE9C-06D9-4B2D-8FA9-3F537DBE5641}"
EndProject
Project("{FAE04EC0-301F-11D3-BF4B-00C04F79EFBC}") = "Task1_11", "Task1_11\Task1_11.csproj", "{22A83F49-BA65-4A22-9E12-8792438420AB}"
EndProject
Project("{FAE04EC0-301F-11D3-BF4B-00C04F79EFBC}") = "Task1_12", "Task1_12\Task1_12.csproj", "{BA4374DF-30FE-47FB-8C75-465DB4C5C104}"
EndProject
Global
	GlobalSection(SolutionConfigurationPlatforms) = preSolution
		Debug|Any CPU = Debug|Any CPU
		Release|Any CPU = Release|Any CPU
	EndGlobalSection
	GlobalSection(ProjectConfigurationPlatforms) = postSolution
		{28C07619-8587-4722-A48C-9AC019EB6AF7}.Debug|Any CPU.ActiveCfg = Debug|Any CPU
		{28C07619-8587-4722-A48C-9AC019EB6AF7}.Debug|Any CPU.Build.0 = Debug|Any CPU
		{28C07619-8587-4722-A48C-9AC019EB6AF7}.Release|Any CPU.ActiveCfg = Release|Any CPU
		{28C07619-8587-4722-A48C-9AC019EB6AF7}.Release|Any CPU.Build.0 = Release|Any CPU
		{CBA31A24-02E6-468F-B36D-6098AE4023E4}.Debug|Any CPU.ActiveCfg = Debug|Any CPU
		{CBA31A24-02E6-468F-B36D-6098AE4023E4}.Debug|Any CPU.Build.0 = Debug|Any CPU
		{CBA31A24-02E6-468F-B36D-6098AE4023E4}.Release|Any CPU.ActiveCfg = Release|Any CPU
		{CBA31A24-02E6-468F-B36D-6098AE4023E4}.Release|Any CPU.Build.0 = Release|Any CPU
		{AFEE7935-1703-4E60-A09E-F03A8DD3820E}.Debug|Any CPU.ActiveCfg = Debug|Any CPU
		{AFEE7935-1703-4E60-A09E-F03A8DD3820E}.Debug|Any CPU.Build.0 = Debug|Any CPU
		{AFEE7935-1703-4E60-A09E-F03A8DD3820E}.Release|Any CPU.ActiveCfg = Release|Any CPU
		{AFEE7935-1703-4E60-A09E-F03A8DD3820E}.Release|Any CPU.Build.0 = Release|Any CPU
		{211EBDA5-7D59-49DB-9B67-40CA7A8393AA}.Debug|Any CPU.ActiveCfg = Debug|Any CPU
		{211EBDA5-7D59-49DB-9B67-40CA7A8393AA}.Debug|Any CPU.Build.0 = Debug|Any CPU
		{211EBDA5-7D59-49DB-9B67-40CA7A8393AA}.Release|Any CPU.ActiveCfg = Release|Any CPU
		{211EBDA5-7D59-49DB-9B67-40CA7A8393AA}.Release|Any CPU.Build.0 = Release|Any CPU
		{EDE2CF3F-F912-458A-BB3E-7FD68A72D771}.Debug|Any CPU.ActiveCfg = Debug|Any CPU
		{EDE2CF3F-F912-458A-BB3E-7FD68A72D771}.Debug|Any CPU.Build.0 = Debug|Any CPU
		{EDE2CF3F-F912-458A-BB3E-7FD68A72D771}.Release|Any CPU.ActiveCfg = Release|Any CPU
		{EDE2CF3F-F912-458A-BB3E-7FD68A72D771}.Release|Any CPU.Build.0 = Release|Any CPU
		{E710B188-B8CB-4BC6-8B45-987C8804F7F7}.Debug|Any CPU.ActiveCfg = Debug|Any CPU
		{E710B188-B8CB-4BC6-8B45-987C8804F7F7}.Debug|Any CPU.Build.0 = Debug|Any CPU
		{E710B188-B8CB-4BC6-8B45-987C8804F7F7}.Release|Any CPU.ActiveCfg = Release|Any CPU
		{E710B188-B8CB-4BC6-8B45-987C8804F7F7}.Release|Any CPU.Build.0 = Release|Any CPU
		{B81F993F-5C5F-42F2-B8D6-FB4C7B17001A}.Debug|Any CPU.ActiveCfg = Debug|Any CPU
		{B81F993F-5C5F-42F2-B8D6-FB4C7B17001A}.Debug|Any CPU.Build.0 = Debug|Any CPU
		{B81F993F-5C5F-42F2-B8D6-FB4C7B17001A}.Release|Any CPU.ActiveCfg = Release|Any CPU
		{B81F993F-5C5F-42F2-B8D6-FB4C7B17001A}.Release|Any CPU.Build.0 = Release|Any CPU
		{1F668B26-46B4-4BDA-9AD2-F317888E3A5C}.Debug|Any CPU.ActiveCfg = Debug|Any CPU
		{1F668B26-46B4-4BDA-9AD2-F317888E3A5C}.Debug|Any CPU.Build.0 = Debug|Any CPU
		{1F668B26-46B4-4BDA-9AD2-F317888E3A5C}.Release|Any CPU.ActiveCfg = Release|Any CPU
		{1F668B26-46B4-4BDA-9AD2-F317888E3A5C}.Release|Any CPU.Build.0 = Release|Any CPU
		{F5AC5EA8-D732-4147-8380-DC542F546596}.Debug|Any CPU.ActiveCfg = Debug|Any CPU
		{F5AC5EA8-D732-4147-8380-DC542F546596}.Debug|Any CPU.Build.0 = Debug|Any CPU
		{F5AC5EA8-D732-4147-8380-DC542F546596}.Release|Any CPU.ActiveCfg = Release|Any CPU
		{F5AC5EA8-D732-4147-8380-DC542F546596}.Release|Any CPU.Build.0 = Release|Any CPU
		{9EC1BE9C-06D9-4B2D-8FA9-3F537DBE5641}.Debug|Any CPU.ActiveCfg = Debug|Any CPU
		{9EC1BE9C-06D9-4B2D-8FA9-3F537DBE5641}.Debug|Any CPU.Build.0 = Debug|Any CPU
		{9EC1BE9C-06D9-4B2D-8FA9-3F537DBE5641}.Release|Any CPU.ActiveCfg = Release|Any CPU
		{9EC1BE9C-06D9-4B2D-8FA9-3F537DBE5641}.Release|Any CPU.Build.0 = Release|Any CPU
		{22A83F49-BA65-4A22-9E12-8792438420AB}.Debug|Any CPU.ActiveCfg = Debug|Any CPU
		{22A83F49-BA65-4A22-9E12-8792438420AB}.Debug|Any CPU.Build.0 = Debug|Any CPU
		{22A83F49-BA65-4A22-9E12-8792438420AB}.Release|Any CPU.ActiveCfg = Release|Any CPU
		{22A83F49-BA65-4A22-9E12-8792438420AB}.Release|Any CPU.Build.0 = Release|Any CPU
		{BA4374DF-30FE-47FB-8C75-465DB4C5C104}.Debug|Any CPU.ActiveCfg = Debug|Any CPU
		{BA4374DF-30FE-47FB-8C75-465DB4C5C104}.Debug|Any CPU.Build.0 = Debug|Any CPU
		{BA4374DF-30FE-47FB-8C75-465DB4C5C104}.Release|Any CPU.ActiveCfg = Release|Any CPU
		{BA4374DF-30FE-47FB-8C75-465DB4C5C104}.Release|Any CPU.Build.0 = Release|Any CPU
	EndGlobalSection
	GlobalSection(SolutionProperties) = preSolution
		HideSolutionNode = FALSE
	EndGlobalSection
	GlobalSection(ExtensibilityGlobals) = postSolution
		SolutionGuid = {96B498ED-DEA0-4995-9FDA-2247C87B3A59}
	EndGlobalSection
EndGlobal
