
Microsoft Visual Studio Solution File, Format Version 12.00
# Visual Studio Version 16
VisualStudioVersion = 16.0.29215.179
MinimumVisualStudioVersion = 10.0.40219.1
Project("{FAE04EC0-301F-11D3-BF4B-00C04F79EFBC}") = "Task1.1", "Task01\Task1.1.csproj", "{BF9565AF-15D7-484F-AE04-D802059E723D}"
EndProject
Project("{FAE04EC0-301F-11D3-BF4B-00C04F79EFBC}") = "Task1.2", "Task1.2\Task1.2.csproj", "{1A5AB1D0-AC7A-4797-B6D2-97E7788652AA}"
EndProject
Project("{FAE04EC0-301F-11D3-BF4B-00C04F79EFBC}") = "Task1.3", "Task1.3\Task1.3.csproj", "{A42B922E-FE59-47A1-91DB-34237BCD5D4C}"
EndProject
Project("{FAE04EC0-301F-11D3-BF4B-00C04F79EFBC}") = "Task1_4", "Task1_4\Task1_4.csproj", "{28C07619-8587-4722-A48C-9AC019EB6AF7}"
EndProject
Global
	GlobalSection(SolutionConfigurationPlatforms) = preSolution
		Debug|Any CPU = Debug|Any CPU
		Release|Any CPU = Release|Any CPU
	EndGlobalSection
	GlobalSection(ProjectConfigurationPlatforms) = postSolution
		{BF9565AF-15D7-484F-AE04-D802059E723D}.Debug|Any CPU.ActiveCfg = Debug|Any CPU
		{BF9565AF-15D7-484F-AE04-D802059E723D}.Debug|Any CPU.Build.0 = Debug|Any CPU
		{BF9565AF-15D7-484F-AE04-D802059E723D}.Release|Any CPU.ActiveCfg = Release|Any CPU
		{BF9565AF-15D7-484F-AE04-D802059E723D}.Release|Any CPU.Build.0 = Release|Any CPU
		{1A5AB1D0-AC7A-4797-B6D2-97E7788652AA}.Debug|Any CPU.ActiveCfg = Debug|Any CPU
		{1A5AB1D0-AC7A-4797-B6D2-97E7788652AA}.Debug|Any CPU.Build.0 = Debug|Any CPU
		{1A5AB1D0-AC7A-4797-B6D2-97E7788652AA}.Release|Any CPU.ActiveCfg = Release|Any CPU
		{1A5AB1D0-AC7A-4797-B6D2-97E7788652AA}.Release|Any CPU.Build.0 = Release|Any CPU
		{A42B922E-FE59-47A1-91DB-34237BCD5D4C}.Debug|Any CPU.ActiveCfg = Debug|Any CPU
		{A42B922E-FE59-47A1-91DB-34237BCD5D4C}.Debug|Any CPU.Build.0 = Debug|Any CPU
		{A42B922E-FE59-47A1-91DB-34237BCD5D4C}.Release|Any CPU.ActiveCfg = Release|Any CPU
		{A42B922E-FE59-47A1-91DB-34237BCD5D4C}.Release|Any CPU.Build.0 = Release|Any CPU
		{28C07619-8587-4722-A48C-9AC019EB6AF7}.Debug|Any CPU.ActiveCfg = Debug|Any CPU
		{28C07619-8587-4722-A48C-9AC019EB6AF7}.Debug|Any CPU.Build.0 = Debug|Any CPU
		{28C07619-8587-4722-A48C-9AC019EB6AF7}.Release|Any CPU.ActiveCfg = Release|Any CPU
		{28C07619-8587-4722-A48C-9AC019EB6AF7}.Release|Any CPU.Build.0 = Release|Any CPU
	EndGlobalSection
	GlobalSection(SolutionProperties) = preSolution
		HideSolutionNode = FALSE
	EndGlobalSection
	GlobalSection(ExtensibilityGlobals) = postSolution
		SolutionGuid = {96B498ED-DEA0-4995-9FDA-2247C87B3A59}
	EndGlobalSection
EndGlobal
